github.com/yaa110/go-persian-calendar v1.2.2 h1:SRx+IsY4xTaSUKKfpvxvU/xrdREz63xUV2kx5zvUCjI=
github.com/yaa110/go-persian-calendar v1.2.2/go.mod h1:qtnmHCS9u1EiwzzSCSttGoxD5NfV9ZMzymxFCBYmqfg=
go.expect.digital/intl v0.0.0-20241011193650-21e732e06d6f h1:+TMwBwr+TWDm1bbKM8KvNkj6vFCgqcM7SjUhyd8STCY=
go.expect.digital/intl v0.0.0-20241011193650-21e732e06d6f/go.mod h1:YVJFd3vWEEcXboaQwSxRNj/NJXcnoR6mfXcvTZ6EZKY=
go.expect.digital/intl v0.0.0-20250819192238-ead2bac62fdb h1:EioWfZFzASYY9GIeaqBJlCYfLTgAtqa7p8va9b83joM=
go.expect.digital/intl v0.0.0-20250819192238-ead2bac62fdb/go.mod h1:lpz4eT8wh4F1coJ5aVeGTc+pf0ewVXNLzLQ++tCiP4w=
golang.org/x/text v0.27.0 h1:4fGWRpyh641NLlecmyl4LOe6yDdfaYNrGb2zdfo4JV4=
golang.org/x/text v0.27.0/go.mod h1:1D28KMCvyooCX9hBiosv5Tz/+YLxj0j7XhWjpSUF7CU=
golang.org/x/text v0.28.0 h1:rhazDwis8INMIwQ4tpjLDzUhx6RlXqZNPEM0huQojng=
golang.org/x/text v0.28.0/go.mod h1:U8nCwOR8jO/marOQ0QbDiOngZVEBB7MAiitBuMjXiNU=
