github.com/yaa110/go-persian-calendar v1.2.1 h1:5ntPqDMZaZpRF4j8iiokDsfgm8deSr0HXNJwERix3W4=
github.com/yaa110/go-persian-calendar v1.2.1/go.mod h1:qtnmHCS9u1EiwzzSCSttGoxD5NfV9ZMzymxFCBYmqfg=
go.expect.digital/intl v0.0.0-20241011193650-21e732e06d6f h1:+TMwBwr+TWDm1bbKM8KvNkj6vFCgqcM7SjUhyd8STCY=
go.expect.digital/intl v0.0.0-20241011193650-21e732e06d6f/go.mod h1:YVJFd3vWEEcXboaQwSxRNj/NJXcnoR6mfXcvTZ6EZKY=
golang.org/x/text v0.27.0 h1:4fGWRpyh641NLlecmyl4LOe6yDdfaYNrGb2zdfo4JV4=
golang.org/x/text v0.27.0/go.mod h1:1D28KMCvyooCX9hBiosv5Tz/+YLxj0j7XhWjpSUF7CU=
